{
    "_readme": [
        "This file locks the dependencies of your project to a known state",
        "Read more about it at https://getcomposer.org/doc/01-basic-usage.md#composer-lock-the-lock-file",
        "This file is @generated automatically"
    ],
    "hash": "18c529f0e480030b6c9388a19b5c9515",
    "packages": [
        {
            "name": "ahnames/hidev-config",
            "version": "0.0.2",
            "source": {
                "type": "git",
                "url": "https://github.com/ahnames/hidev-config.git",
                "reference": "8b365e167ade081e9c414427818fd3a4fd8f65f1"
            },
            "dist": {
                "type": "zip",
                "url": "https://api.github.com/repos/ahnames/hidev-config/zipball/8b365e167ade081e9c414427818fd3a4fd8f65f1",
                "reference": "8b365e167ade081e9c414427818fd3a4fd8f65f1",
                "shasum": ""
            },
            "type": "yii2-extension",
            "autoload": {
                "psr-4": {
                    "ahnames\\hidev\\config\\": "src"
                }
            },
            "notification-url": "https://packagist.org/downloads/",
            "license": [
                "No license"
            ],
            "authors": [
                {
                    "name": "Andrii Vasyliev",
                    "email": "sol@hiqdev.com",
                    "homepage": "https://hipanel.com/"
                }
            ],
            "description": "AHnames general hidev config",
            "homepage": "https://github.com/ahnames/hidev-config",
            "keywords": [
                "ahnames",
                "config",
                "hidev"
            ],
            "time": "2015-08-17 19:24:26"
        },
        {
            "name": "hiqdev/hidev-codeception",
            "version": "0.0.1",
            "source": {
                "type": "git",
                "url": "https://github.com/hiqdev/hidev-codeception.git",
                "reference": "0ce0c6c4d93d25f380d3e20051e5666e885910e8"
            },
            "dist": {
                "type": "zip",
                "url": "https://api.github.com/repos/hiqdev/hidev-codeception/zipball/0ce0c6c4d93d25f380d3e20051e5666e885910e8",
                "reference": "0ce0c6c4d93d25f380d3e20051e5666e885910e8",
                "shasum": ""
            },
            "type": "yii2-extension",
            "autoload": {
                "psr-4": {
                    "hidev\\codeception\\": "src"
                }
            },
            "notification-url": "https://packagist.org/downloads/",
            "license": [
                "BSD-3-Clause"
            ],
            "authors": [
                {
                    "name": "Andrii Vasyliev",
                    "email": "sol@hiqdev.com",
                    "homepage": "https://hipanel.com/",
                    "role": "Project lead"
                },
                {
                    "name": "Andrey Klochok",
                    "email": "tafid@hiqdev.com",
                    "homepage": "https://hiqdev.com/",
                    "role": "Lead frontend developer"
                },
                {
                    "name": "Yuriy Myronchuk",
                    "email": "bladeroot@hiqdev.com",
                    "homepage": "https://hiqdev.com/",
                    "role": "QA Lead"
                },
                {
                    "name": "Dmitry Naumenko",
                    "email": "silverfire@hiqdev.com",
                    "homepage": "http://silverfire.me/",
                    "role": "Lead backend developer"
                }
            ],
            "description": "Codeception plugin for HiDev",
            "homepage": "https://github.com/hiqdev/hidev-codeception",
            "keywords": [
                "codeception",
                "hidev",
                "plugin"
            ],
            "time": "2015-07-11 04:35:00"
        },
        {
            "name": "hiqdev/hidev-config-php",
            "version": "0.0.2",
            "source": {
                "type": "git",
                "url": "https://github.com/hiqdev/hidev-config-php.git",
                "reference": "a9a73b60040aaa288dc68348cada933cd06b291b"
            },
            "dist": {
                "type": "zip",
                "url": "https://api.github.com/repos/hiqdev/hidev-config-php/zipball/a9a73b60040aaa288dc68348cada933cd06b291b",
                "reference": "a9a73b60040aaa288dc68348cada933cd06b291b",
                "shasum": ""
            },
            "require": {
                "hiqdev/hidev-codeception": "*@dev",
                "hiqdev/hidev-php-cs-fixer": "*@dev"
            },
            "type": "yii2-extension",
            "autoload": {
                "psr-4": {
                    "hiqdev\\hidev\\config\\php\\": "src"
                }
            },
            "notification-url": "https://packagist.org/downloads/",
            "license": [
                "BSD-3-Clause"
            ],
            "authors": [
                {
                    "name": "Andrii Vasyliev",
                    "email": "sol@hiqdev.com",
                    "homepage": "https://hipanel.com/",
                    "role": "Project lead"
                },
                {
                    "name": "Andrey Klochok",
                    "email": "tafid@hiqdev.com",
                    "homepage": "https://hiqdev.com/",
                    "role": "Lead frontend developer"
                },
                {
                    "name": "Yuriy Myronchuk",
                    "email": "bladeroot@hiqdev.com",
                    "homepage": "https://hiqdev.com/",
                    "role": "QA Lead"
                },
                {
                    "name": "Dmitry Naumenko",
                    "email": "silverfire@hiqdev.com",
                    "homepage": "http://silverfire.me/",
                    "role": "Lead backend developer"
                }
            ],
            "description": "Hidev config for PHP projects",
            "homepage": "https://github.com/hiqdev/hidev-config-php",
            "keywords": [
                "config",
                "hidev",
                "php"
            ],
            "time": "2015-08-17 15:11:23"
        },
        {
            "name": "hiqdev/hidev-php-cs-fixer",
            "version": "0.0.2",
            "source": {
                "type": "git",
                "url": "https://github.com/hiqdev/hidev-php-cs-fixer.git",
                "reference": "225b55fb52d67d8fa6cc4c6033313ce52dbf2573"
            },
            "dist": {
                "type": "zip",
                "url": "https://api.github.com/repos/hiqdev/hidev-php-cs-fixer/zipball/225b55fb52d67d8fa6cc4c6033313ce52dbf2573",
                "reference": "225b55fb52d67d8fa6cc4c6033313ce52dbf2573",
                "shasum": ""
            },
            "type": "yii2-extension",
            "autoload": {
                "psr-4": {
                    "hidev\\phpcsfixer\\": "src"
                }
            },
            "notification-url": "https://packagist.org/downloads/",
            "license": [
                "BSD-3-Clause"
            ],
            "authors": [
                {
                    "name": "Andrii Vasyliev",
                    "email": "sol@hiqdev.com",
                    "homepage": "https://hipanel.com/",
                    "role": "Project lead"
                },
                {
                    "name": "Andrey Klochok",
                    "email": "tafid@hiqdev.com",
                    "homepage": "https://hiqdev.com/",
                    "role": "Lead frontend developer"
                },
                {
                    "name": "Yuriy Myronchuk",
                    "email": "bladeroot@hiqdev.com",
                    "homepage": "https://hiqdev.com/",
                    "role": "QA Lead"
                },
                {
                    "name": "Dmitry Naumenko",
                    "email": "silverfire@hiqdev.com",
                    "homepage": "http://silverfire.me/",
                    "role": "Lead backend developer"
                }
            ],
            "description": "php-cs-fixer plugin for HiDev",
            "homepage": "https://github.com/hiqdev/hidev-php-cs-fixer",
            "keywords": [
                "hidev",
                "php-cs-fixer",
                "plugin"
            ],
            "time": "2015-07-11 04:36:06"
        }
    ],
    "packages-dev": [],
    "aliases": [],
    "minimum-stability": "stable",
    "stability-flags": [],
    "prefer-stable": false,
    "prefer-lowest": false,
    "platform": [],
    "platform-dev": []
}
